
Microsoft Visual Studio Solution File, Format Version 10.00
# Visual Studio 2008
Project("{8BC9CEB8-8B4A-11D0-8D11-00A0C91BC942}") = "ZBS", "ZBS.vcproj", "{5287EFD3-8383-4834-AF50-200BA530FCC0}"
EndProject
Global
	GlobalSection(SolutionConfigurationPlatforms) = preSolution
		Debug|Win32 = Debug|Win32
		Release|Win32 = Release|Win32
	EndGlobalSection
	GlobalSection(ProjectConfigurationPlatforms) = postSolution
		{5287EFD3-8383-4834-AF50-200BA530FCC0}.Debug|Win32.ActiveCfg = Debug|Win32
		{5287EFD3-8383-4834-AF50-200BA530FCC0}.Debug|Win32.Build.0 = Debug|Win32
		{5287EFD3-8383-4834-AF50-200BA530FCC0}.Release|Win32.ActiveCfg = Release|Win32
		{5287EFD3-8383-4834-AF50-200BA530FCC0}.Release|Win32.Build.0 = Release|Win32
	EndGlobalSection
	GlobalSection(SolutionProperties) = preSolution
		HideSolutionNode = FALSE
	EndGlobalSection
EndGlobal
